// !$*UTF8*$!
{
	archiveVersion = 1;
	classes = {
	};
	objectVersion = 56;
	objects = {

/* Begin PBXBuildFile section */
		218C83892AAE72270050693A /* DetailView.swift in Sources */ = {isa = PBXBuildFile; fileRef = 218C83882AAE72270050693A /* DetailView.swift */; };
		219ED2362AABD40200DFF23D /* UsersStaticData.json in Resources */ = {isa = PBXBuildFile; fileRef = 219ED2352AABD40200DFF23D /* UsersStaticData.json */; };
		219ED2382AABD4CF00DFF23D /* SingleUserData.json in Resources */ = {isa = PBXBuildFile; fileRef = 219ED2372AABD4CF00DFF23D /* SingleUserData.json */; };
		219ED23A2AABD5A100DFF23D /* UserDetailResponse.swift in Sources */ = {isa = PBXBuildFile; fileRef = 219ED2392AABD5A100DFF23D /* UserDetailResponse.swift */; };
		219ED23C2AABD66B00DFF23D /* UsersResponse.swift in Sources */ = {isa = PBXBuildFile; fileRef = 219ED23B2AABD66B00DFF23D /* UsersResponse.swift */; };
		219ED23F2AABD73600DFF23D /* Models.swift in Sources */ = {isa = PBXBuildFile; fileRef = 219ED23E2AABD73600DFF23D /* Models.swift */; };
		219ED2422AABD7AA00DFF23D /* StaticJSONMapper.swift in Sources */ = {isa = PBXBuildFile; fileRef = 219ED2412AABD7AA00DFF23D /* StaticJSONMapper.swift */; };
		21AC19692AA3D4E2001BA3F4 /* CustomerApp.swift in Sources */ = {isa = PBXBuildFile; fileRef = 21AC19682AA3D4E2001BA3F4 /* CustomerApp.swift */; };
		21AC196B2AA3D4E2001BA3F4 /* ContentView.swift in Sources */ = {isa = PBXBuildFile; fileRef = 21AC196A2AA3D4E2001BA3F4 /* ContentView.swift */; };
		21AC196D2AA3D4E4001BA3F4 /* Assets.xcassets in Resources */ = {isa = PBXBuildFile; fileRef = 21AC196C2AA3D4E4001BA3F4 /* Assets.xcassets */; };
		21AC19702AA3D4E4001BA3F4 /* Preview Assets.xcassets in Resources */ = {isa = PBXBuildFile; fileRef = 21AC196F2AA3D4E4001BA3F4 /* Preview Assets.xcassets */; };
		21AC19782AA3D582001BA3F4 /* Symbols.swift in Sources */ = {isa = PBXBuildFile; fileRef = 21AC19772AA3D582001BA3F4 /* Symbols.swift */; };
		21AC197B2AA3D83A001BA3F4 /* Theme.swift in Sources */ = {isa = PBXBuildFile; fileRef = 21AC197A2AA3D83A001BA3F4 /* Theme.swift */; };
		21E0F27D2AAD1D3200BE9A13 /* CustomerListView.swift in Sources */ = {isa = PBXBuildFile; fileRef = 21E0F27C2AAD1D3200BE9A13 /* CustomerListView.swift */; };
		21E0F27F2AAD238100BE9A13 /* CustomerView.swift in Sources */ = {isa = PBXBuildFile; fileRef = 21E0F27E2AAD238100BE9A13 /* CustomerView.swift */; };
		21E0F2822AAD2E3700BE9A13 /* TagView.swift in Sources */ = {isa = PBXBuildFile; fileRef = 21E0F2812AAD2E3700BE9A13 /* TagView.swift */; };
/* End PBXBuildFile section */

/* Begin PBXFileReference section */
		214E45BB2AAA803A00617FBC /* Info.plist */ = {isa = PBXFileReference; lastKnownFileType = text.plist; path = Info.plist; sourceTree = "<group>"; };
		218C83882AAE72270050693A /* DetailView.swift */ = {isa = PBXFileReference; lastKnownFileType = sourcecode.swift; path = DetailView.swift; sourceTree = "<group>"; };
		219ED2352AABD40200DFF23D /* UsersStaticData.json */ = {isa = PBXFileReference; lastKnownFileType = text.json; path = UsersStaticData.json; sourceTree = "<group>"; };
		219ED2372AABD4CF00DFF23D /* SingleUserData.json */ = {isa = PBXFileReference; lastKnownFileType = text.json; path = SingleUserData.json; sourceTree = "<group>"; };
		219ED2392AABD5A100DFF23D /* UserDetailResponse.swift */ = {isa = PBXFileReference; lastKnownFileType = sourcecode.swift; path = UserDetailResponse.swift; sourceTree = "<group>"; };
		219ED23B2AABD66B00DFF23D /* UsersResponse.swift */ = {isa = PBXFileReference; lastKnownFileType = sourcecode.swift; path = UsersResponse.swift; sourceTree = "<group>"; };
		219ED23E2AABD73600DFF23D /* Models.swift */ = {isa = PBXFileReference; lastKnownFileType = sourcecode.swift; path = Models.swift; sourceTree = "<group>"; };
		219ED2412AABD7AA00DFF23D /* StaticJSONMapper.swift */ = {isa = PBXFileReference; lastKnownFileType = sourcecode.swift; path = StaticJSONMapper.swift; sourceTree = "<group>"; };
		21AC19652AA3D4E2001BA3F4 /* Customer.app */ = {isa = PBXFileReference; explicitFileType = wrapper.application; includeInIndex = 0; path = Customer.app; sourceTree = BUILT_PRODUCTS_DIR; };
		21AC19682AA3D4E2001BA3F4 /* CustomerApp.swift */ = {isa = PBXFileReference; lastKnownFileType = sourcecode.swift; path = CustomerApp.swift; sourceTree = "<group>"; };
		21AC196A2AA3D4E2001BA3F4 /* ContentView.swift */ = {isa = PBXFileReference; lastKnownFileType = sourcecode.swift; path = ContentView.swift; sourceTree = "<group>"; };
		21AC196C2AA3D4E4001BA3F4 /* Assets.xcassets */ = {isa = PBXFileReference; lastKnownFileType = folder.assetcatalog; path = Assets.xcassets; sourceTree = "<group>"; };
		21AC196F2AA3D4E4001BA3F4 /* Preview Assets.xcassets */ = {isa = PBXFileReference; lastKnownFileType = folder.assetcatalog; path = "Preview Assets.xcassets"; sourceTree = "<group>"; };
		21AC19772AA3D582001BA3F4 /* Symbols.swift */ = {isa = PBXFileReference; lastKnownFileType = sourcecode.swift; path = Symbols.swift; sourceTree = "<group>"; };
		21AC197A2AA3D83A001BA3F4 /* Theme.swift */ = {isa = PBXFileReference; lastKnownFileType = sourcecode.swift; path = Theme.swift; sourceTree = "<group>"; };
		21E0F27C2AAD1D3200BE9A13 /* CustomerListView.swift */ = {isa = PBXFileReference; lastKnownFileType = sourcecode.swift; path = CustomerListView.swift; sourceTree = "<group>"; };
		21E0F27E2AAD238100BE9A13 /* CustomerView.swift */ = {isa = PBXFileReference; lastKnownFileType = sourcecode.swift; path = CustomerView.swift; sourceTree = "<group>"; };
		21E0F2812AAD2E3700BE9A13 /* TagView.swift */ = {isa = PBXFileReference; lastKnownFileType = sourcecode.swift; path = TagView.swift; sourceTree = "<group>"; };
/* End PBXFileReference section */

/* Begin PBXFrameworksBuildPhase section */
		21AC19622AA3D4E2001BA3F4 /* Frameworks */ = {
			isa = PBXFrameworksBuildPhase;
			buildActionMask = 2147483647;
			files = (
			);
			runOnlyForDeploymentPostprocessing = 0;
		};
/* End PBXFrameworksBuildPhase section */

/* Begin PBXGroup section */
		219ED2342AABD3C200DFF23D /* JSON */ = {
			isa = PBXGroup;
			children = (
				219ED2352AABD40200DFF23D /* UsersStaticData.json */,
				219ED2372AABD4CF00DFF23D /* SingleUserData.json */,
			);
			path = JSON;
			sourceTree = "<group>";
		};
		219ED23D2AABD72400DFF23D /* Model */ = {
			isa = PBXGroup;
			children = (
				219ED23E2AABD73600DFF23D /* Models.swift */,
			);
			path = Model;
			sourceTree = "<group>";
		};
		219ED2402AABD78600DFF23D /* Mapper */ = {
			isa = PBXGroup;
			children = (
				219ED2412AABD7AA00DFF23D /* StaticJSONMapper.swift */,
			);
			path = Mapper;
			sourceTree = "<group>";
		};
		21AC195C2AA3D4E2001BA3F4 = {
			isa = PBXGroup;
			children = (
				21AC19672AA3D4E2001BA3F4 /* Customer */,
				21AC19662AA3D4E2001BA3F4 /* Products */,
			);
			sourceTree = "<group>";
		};
		21AC19662AA3D4E2001BA3F4 /* Products */ = {
			isa = PBXGroup;
			children = (
				21AC19652AA3D4E2001BA3F4 /* Customer.app */,
			);
			name = Products;
			sourceTree = "<group>";
		};
		21AC19672AA3D4E2001BA3F4 /* Customer */ = {
			isa = PBXGroup;
			children = (
				214E45BB2AAA803A00617FBC /* Info.plist */,
				21AC197D2AA3D91F001BA3F4 /* Features */,
				21AC197C2AA3D917001BA3F4 /* Base */,
				21AC19762AA3D52B001BA3F4 /* Resources */,
				21AC19682AA3D4E2001BA3F4 /* CustomerApp.swift */,
				21AC196A2AA3D4E2001BA3F4 /* ContentView.swift */,
				21AC196C2AA3D4E4001BA3F4 /* Assets.xcassets */,
				21AC196E2AA3D4E4001BA3F4 /* Preview Content */,
			);
			path = Customer;
			sourceTree = "<group>";
		};
		21AC196E2AA3D4E4001BA3F4 /* Preview Content */ = {
			isa = PBXGroup;
			children = (
				21AC196F2AA3D4E4001BA3F4 /* Preview Assets.xcassets */,
			);
			path = "Preview Content";
			sourceTree = "<group>";
		};
		21AC19762AA3D52B001BA3F4 /* Resources */ = {
			isa = PBXGroup;
			children = (
				219ED2342AABD3C200DFF23D /* JSON */,
				21AC19772AA3D582001BA3F4 /* Symbols.swift */,
				21AC197A2AA3D83A001BA3F4 /* Theme.swift */,
			);
			path = Resources;
			sourceTree = "<group>";
		};
		21AC197C2AA3D917001BA3F4 /* Base */ = {
			isa = PBXGroup;
			children = (
				21E0F2802AAD2E2500BE9A13 /* Views */,
				219ED2402AABD78600DFF23D /* Mapper */,
				219ED23D2AABD72400DFF23D /* Model */,
			);
			path = Base;
			sourceTree = "<group>";
		};
		21AC197D2AA3D91F001BA3F4 /* Features */ = {
			isa = PBXGroup;
			children = (
				21AC19812AA3D965001BA3F4 /* Settings */,
				21AC19802AA3D95B001BA3F4 /* Detail */,
				21AC197F2AA3D951001BA3F4 /* Create */,
				21AC197E2AA3D93F001BA3F4 /* Customer */,
			);
			path = Features;
			sourceTree = "<group>";
		};
		21AC197E2AA3D93F001BA3F4 /* Customer */ = {
			isa = PBXGroup;
			children = (
				21AC19842AA3D998001BA3F4 /* ViewMdoels */,
				21AC19832AA3D98E001BA3F4 /* Model */,
				21AC19822AA3D986001BA3F4 /* Views */,
			);
			path = Customer;
			sourceTree = "<group>";
		};
		21AC197F2AA3D951001BA3F4 /* Create */ = {
			isa = PBXGroup;
			children = (
				21AC198B2AA3DA07001BA3F4 /* ViewMdoel */,
				21AC198A2AA3D9FD001BA3F4 /* Model */,
				21AC19892AA3D9F2001BA3F4 /* Views */,
			);
			path = Create;
			sourceTree = "<group>";
		};
		21AC19802AA3D95B001BA3F4 /* Detail */ = {
			isa = PBXGroup;
			children = (
				21AC19882AA3D9E8001BA3F4 /* ViewModels */,
				21AC19872AA3D9DF001BA3F4 /* Model */,
				21AC19862AA3D9D5001BA3F4 /* Views */,
			);
			path = Detail;
			sourceTree = "<group>";
		};
		21AC19812AA3D965001BA3F4 /* Settings */ = {
			isa = PBXGroup;
			children = (
				21AC19852AA3D9C9001BA3F4 /* Views */,
			);
			path = Settings;
			sourceTree = "<group>";
		};
		21AC19822AA3D986001BA3F4 /* Views */ = {
			isa = PBXGroup;
			children = (
				21E0F27C2AAD1D3200BE9A13 /* CustomerListView.swift */,
				21E0F27E2AAD238100BE9A13 /* CustomerView.swift */,
			);
			path = Views;
			sourceTree = "<group>";
		};
		21AC19832AA3D98E001BA3F4 /* Model */ = {
			isa = PBXGroup;
			children = (
				219ED23B2AABD66B00DFF23D /* UsersResponse.swift */,
			);
			path = Model;
			sourceTree = "<group>";
		};
		21AC19842AA3D998001BA3F4 /* ViewMdoels */ = {
			isa = PBXGroup;
			children = (
			);
			path = ViewMdoels;
			sourceTree = "<group>";
		};
		21AC19852AA3D9C9001BA3F4 /* Views */ = {
			isa = PBXGroup;
			children = (
			);
			path = Views;
			sourceTree = "<group>";
		};
		21AC19862AA3D9D5001BA3F4 /* Views */ = {
			isa = PBXGroup;
			children = (
				218C83882AAE72270050693A /* DetailView.swift */,
			);
			path = Views;
			sourceTree = "<group>";
		};
		21AC19872AA3D9DF001BA3F4 /* Model */ = {
			isa = PBXGroup;
			children = (
				219ED2392AABD5A100DFF23D /* UserDetailResponse.swift */,
			);
			path = Model;
			sourceTree = "<group>";
		};
		21AC19882AA3D9E8001BA3F4 /* ViewModels */ = {
			isa = PBXGroup;
			children = (
			);
			path = ViewModels;
			sourceTree = "<group>";
		};
		21AC19892AA3D9F2001BA3F4 /* Views */ = {
			isa = PBXGroup;
			children = (
			);
			path = Views;
			sourceTree = "<group>";
		};
		21AC198A2AA3D9FD001BA3F4 /* Model */ = {
			isa = PBXGroup;
			children = (
			);
			path = Model;
			sourceTree = "<group>";
		};
		21AC198B2AA3DA07001BA3F4 /* ViewMdoel */ = {
			isa = PBXGroup;
			children = (
			);
			path = ViewMdoel;
			sourceTree = "<group>";
		};
		21E0F2802AAD2E2500BE9A13 /* Views */ = {
			isa = PBXGroup;
			children = (
				21E0F2812AAD2E3700BE9A13 /* TagView.swift */,
			);
			path = Views;
			sourceTree = "<group>";
		};
/* End PBXGroup section */

/* Begin PBXNativeTarget section */
		21AC19642AA3D4E2001BA3F4 /* Customer */ = {
			isa = PBXNativeTarget;
			buildConfigurationList = 21AC19732AA3D4E4001BA3F4 /* Build configuration list for PBXNativeTarget "Customer" */;
			buildPhases = (
				21AC19612AA3D4E2001BA3F4 /* Sources */,
				21AC19622AA3D4E2001BA3F4 /* Frameworks */,
				21AC19632AA3D4E2001BA3F4 /* Resources */,
			);
			buildRules = (
			);
			dependencies = (
			);
			name = Customer;
			productName = Customer;
			productReference = 21AC19652AA3D4E2001BA3F4 /* Customer.app */;
			productType = "com.apple.product-type.application";
		};
/* End PBXNativeTarget section */

/* Begin PBXProject section */
		21AC195D2AA3D4E2001BA3F4 /* Project object */ = {
			isa = PBXProject;
			attributes = {
				BuildIndependentTargetsInParallel = 1;
				LastSwiftUpdateCheck = 1430;
				LastUpgradeCheck = 1430;
				TargetAttributes = {
					21AC19642AA3D4E2001BA3F4 = {
						CreatedOnToolsVersion = 14.3.1;
					};
				};
			};
			buildConfigurationList = 21AC19602AA3D4E2001BA3F4 /* Build configuration list for PBXProject "Customer" */;
			compatibilityVersion = "Xcode 14.0";
			developmentRegion = en;
			hasScannedForEncodings = 0;
			knownRegions = (
				en,
				Base,
			);
			mainGroup = 21AC195C2AA3D4E2001BA3F4;
			productRefGroup = 21AC19662AA3D4E2001BA3F4 /* Products */;
			projectDirPath = "";
			projectRoot = "";
			targets = (
				21AC19642AA3D4E2001BA3F4 /* Customer */,
			);
		};
/* End PBXProject section */

/* Begin PBXResourcesBuildPhase section */
		21AC19632AA3D4E2001BA3F4 /* Resources */ = {
			isa = PBXResourcesBuildPhase;
			buildActionMask = 2147483647;
			files = (
				21AC19702AA3D4E4001BA3F4 /* Preview Assets.xcassets in Resources */,
				21AC196D2AA3D4E4001BA3F4 /* Assets.xcassets in Resources */,
				219ED2382AABD4CF00DFF23D /* SingleUserData.json in Resources */,
				219ED2362AABD40200DFF23D /* UsersStaticData.json in Resources */,
			);
			runOnlyForDeploymentPostprocessing = 0;
		};
/* End PBXResourcesBuildPhase section */

/* Begin PBXSourcesBuildPhase section */
		21AC19612AA3D4E2001BA3F4 /* Sources */ = {
			isa = PBXSourcesBuildPhase;
			buildActionMask = 2147483647;
			files = (
				21E0F27F2AAD238100BE9A13 /* CustomerView.swift in Sources */,
				218C83892AAE72270050693A /* DetailView.swift in Sources */,
				219ED2422AABD7AA00DFF23D /* StaticJSONMapper.swift in Sources */,
				21E0F2822AAD2E3700BE9A13 /* TagView.swift in Sources */,
				21AC19782AA3D582001BA3F4 /* Symbols.swift in Sources */,
				21AC197B2AA3D83A001BA3F4 /* Theme.swift in Sources */,
				21AC196B2AA3D4E2001BA3F4 /* ContentView.swift in Sources */,
				219ED23A2AABD5A100DFF23D /* UserDetailResponse.swift in Sources */,
				21E0F27D2AAD1D3200BE9A13 /* CustomerListView.swift in Sources */,
				21AC19692AA3D4E2001BA3F4 /* CustomerApp.swift in Sources */,
				219ED23C2AABD66B00DFF23D /* UsersResponse.swift in Sources */,
				219ED23F2AABD73600DFF23D /* Models.swift in Sources */,
			);
			runOnlyForDeploymentPostprocessing = 0;
		};
/* End PBXSourcesBuildPhase section */

/* Begin XCBuildConfiguration section */
		21AC19712AA3D4E4001BA3F4 /* Debug */ = {
			isa = XCBuildConfiguration;
			buildSettings = {
				ALWAYS_SEARCH_USER_PATHS = NO;
				CLANG_ANALYZER_NONNULL = YES;
				CLANG_ANALYZER_NUMBER_OBJECT_CONVERSION = YES_AGGRESSIVE;
				CLANG_CXX_LANGUAGE_STANDARD = "gnu++20";
				CLANG_ENABLE_MODULES = YES;
				CLANG_ENABLE_OBJC_ARC = YES;
				CLANG_ENABLE_OBJC_WEAK = YES;
				CLANG_WARN_BLOCK_CAPTURE_AUTORELEASING = YES;
				CLANG_WARN_BOOL_CONVERSION = YES;
				CLANG_WARN_COMMA = YES;
				CLANG_WARN_CONSTANT_CONVERSION = YES;
				CLANG_WARN_DEPRECATED_OBJC_IMPLEMENTATIONS = YES;
				CLANG_WARN_DIRECT_OBJC_ISA_USAGE = YES_ERROR;
				CLANG_WARN_DOCUMENTATION_COMMENTS = YES;
				CLANG_WARN_EMPTY_BODY = YES;
				CLANG_WARN_ENUM_CONVERSION = YES;
				CLANG_WARN_INFINITE_RECURSION = YES;
				CLANG_WARN_INT_CONVERSION = YES;
				CLANG_WARN_NON_LITERAL_NULL_CONVERSION = YES;
				CLANG_WARN_OBJC_IMPLICIT_RETAIN_SELF = YES;
				CLANG_WARN_OBJC_LITERAL_CONVERSION = YES;
				CLANG_WARN_OBJC_ROOT_CLASS = YES_ERROR;
				CLANG_WARN_QUOTED_INCLUDE_IN_FRAMEWORK_HEADER = YES;
				CLANG_WARN_RANGE_LOOP_ANALYSIS = YES;
				CLANG_WARN_STRICT_PROTOTYPES = YES;
				CLANG_WARN_SUSPICIOUS_MOVE = YES;
				CLANG_WARN_UNGUARDED_AVAILABILITY = YES_AGGRESSIVE;
				CLANG_WARN_UNREACHABLE_CODE = YES;
				CLANG_WARN__DUPLICATE_METHOD_MATCH = YES;
				COPY_PHASE_STRIP = NO;
				DEBUG_INFORMATION_FORMAT = dwarf;
				ENABLE_STRICT_OBJC_MSGSEND = YES;
				ENABLE_TESTABILITY = YES;
				GCC_C_LANGUAGE_STANDARD = gnu11;
				GCC_DYNAMIC_NO_PIC = NO;
				GCC_NO_COMMON_BLOCKS = YES;
				GCC_OPTIMIZATION_LEVEL = 0;
				GCC_PREPROCESSOR_DEFINITIONS = (
					"DEBUG=1",
					"$(inherited)",
				);
				GCC_WARN_64_TO_32_BIT_CONVERSION = YES;
				GCC_WARN_ABOUT_RETURN_TYPE = YES_ERROR;
				GCC_WARN_UNDECLARED_SELECTOR = YES;
				GCC_WARN_UNINITIALIZED_AUTOS = YES_AGGRESSIVE;
				GCC_WARN_UNUSED_FUNCTION = YES;
				GCC_WARN_UNUSED_VARIABLE = YES;
				IPHONEOS_DEPLOYMENT_TARGET = 16.4;
				MTL_ENABLE_DEBUG_INFO = INCLUDE_SOURCE;
				MTL_FAST_MATH = YES;
				ONLY_ACTIVE_ARCH = YES;
				SDKROOT = iphoneos;
				SWIFT_ACTIVE_COMPILATION_CONDITIONS = DEBUG;
				SWIFT_OPTIMIZATION_LEVEL = "-Onone";
			};
			name = Debug;
		};
		21AC19722AA3D4E4001BA3F4 /* Release */ = {
			isa = XCBuildConfiguration;
			buildSettings = {
				ALWAYS_SEARCH_USER_PATHS = NO;
				CLANG_ANALYZER_NONNULL = YES;
				CLANG_ANALYZER_NUMBER_OBJECT_CONVERSION = YES_AGGRESSIVE;
				CLANG_CXX_LANGUAGE_STANDARD = "gnu++20";
				CLANG_ENABLE_MODULES = YES;
				CLANG_ENABLE_OBJC_ARC = YES;
				CLANG_ENABLE_OBJC_WEAK = YES;
				CLANG_WARN_BLOCK_CAPTURE_AUTORELEASING = YES;
				CLANG_WARN_BOOL_CONVERSION = YES;
				CLANG_WARN_COMMA = YES;
				CLANG_WARN_CONSTANT_CONVERSION = YES;
				CLANG_WARN_DEPRECATED_OBJC_IMPLEMENTATIONS = YES;
				CLANG_WARN_DIRECT_OBJC_ISA_USAGE = YES_ERROR;
				CLANG_WARN_DOCUMENTATION_COMMENTS = YES;
				CLANG_WARN_EMPTY_BODY = YES;
				CLANG_WARN_ENUM_CONVERSION = YES;
				CLANG_WARN_INFINITE_RECURSION = YES;
				CLANG_WARN_INT_CONVERSION = YES;
				CLANG_WARN_NON_LITERAL_NULL_CONVERSION = YES;
				CLANG_WARN_OBJC_IMPLICIT_RETAIN_SELF = YES;
				CLANG_WARN_OBJC_LITERAL_CONVERSION = YES;
				CLANG_WARN_OBJC_ROOT_CLASS = YES_ERROR;
				CLANG_WARN_QUOTED_INCLUDE_IN_FRAMEWORK_HEADER = YES;
				CLANG_WARN_RANGE_LOOP_ANALYSIS = YES;
				CLANG_WARN_STRICT_PROTOTYPES = YES;
				CLANG_WARN_SUSPICIOUS_MOVE = YES;
				CLANG_WARN_UNGUARDED_AVAILABILITY = YES_AGGRESSIVE;
				CLANG_WARN_UNREACHABLE_CODE = YES;
				CLANG_WARN__DUPLICATE_METHOD_MATCH = YES;
				COPY_PHASE_STRIP = NO;
				DEBUG_INFORMATION_FORMAT = "dwarf-with-dsym";
				ENABLE_NS_ASSERTIONS = NO;
				ENABLE_STRICT_OBJC_MSGSEND = YES;
				GCC_C_LANGUAGE_STANDARD = gnu11;
				GCC_NO_COMMON_BLOCKS = YES;
				GCC_WARN_64_TO_32_BIT_CONVERSION = YES;
				GCC_WARN_ABOUT_RETURN_TYPE = YES_ERROR;
				GCC_WARN_UNDECLARED_SELECTOR = YES;
				GCC_WARN_UNINITIALIZED_AUTOS = YES_AGGRESSIVE;
				GCC_WARN_UNUSED_FUNCTION = YES;
				GCC_WARN_UNUSED_VARIABLE = YES;
				IPHONEOS_DEPLOYMENT_TARGET = 16.4;
				MTL_ENABLE_DEBUG_INFO = NO;
				MTL_FAST_MATH = YES;
				SDKROOT = iphoneos;
				SWIFT_COMPILATION_MODE = wholemodule;
				SWIFT_OPTIMIZATION_LEVEL = "-O";
				VALIDATE_PRODUCT = YES;
			};
			name = Release;
		};
		21AC19742AA3D4E4001BA3F4 /* Debug */ = {
			isa = XCBuildConfiguration;
			buildSettings = {
				ASSETCATALOG_COMPILER_APPICON_NAME = AppIcon;
				ASSETCATALOG_COMPILER_GLOBAL_ACCENT_COLOR_NAME = AccentColor;
				CODE_SIGN_STYLE = Automatic;
				CURRENT_PROJECT_VERSION = 1;
				DEVELOPMENT_ASSET_PATHS = "\"Customer/Preview Content\"";
				DEVELOPMENT_TEAM = HU73YD5J6R;
				ENABLE_PREVIEWS = YES;
				GENERATE_INFOPLIST_FILE = YES;
				INFOPLIST_FILE = Customer/Info.plist;
				INFOPLIST_KEY_LSApplicationCategoryType = "";
				INFOPLIST_KEY_UIApplicationSceneManifest_Generation = YES;
				INFOPLIST_KEY_UIApplicationSupportsIndirectInputEvents = YES;
				INFOPLIST_KEY_UISupportedInterfaceOrientations_iPad = "UIInterfaceOrientationPortrait UIInterfaceOrientationPortraitUpsideDown UIInterfaceOrientationLandscapeLeft UIInterfaceOrientationLandscapeRight";
				INFOPLIST_KEY_UISupportedInterfaceOrientations_iPhone = "UIInterfaceOrientationPortrait UIInterfaceOrientationLandscapeLeft UIInterfaceOrientationLandscapeRight";
				LD_RUNPATH_SEARCH_PATHS = (
					"$(inherited)",
					"@executable_path/Frameworks",
				);
				MARKETING_VERSION = 1.0;
				PRODUCT_BUNDLE_IDENTIFIER = com.mdsrmed.Customer;
				PRODUCT_NAME = "$(TARGET_NAME)";
				SWIFT_EMIT_LOC_STRINGS = YES;
				SWIFT_VERSION = 5.0;
				TARGETED_DEVICE_FAMILY = "1,2";
			};
			name = Debug;
		};
		21AC19752AA3D4E4001BA3F4 /* Release */ = {
			isa = XCBuildConfiguration;
			buildSettings = {
				ASSETCATALOG_COMPILER_APPICON_NAME = AppIcon;
				ASSETCATALOG_COMPILER_GLOBAL_ACCENT_COLOR_NAME = AccentColor;
				CODE_SIGN_STYLE = Automatic;
				CURRENT_PROJECT_VERSION = 1;
				DEVELOPMENT_ASSET_PATHS = "\"Customer/Preview Content\"";
				DEVELOPMENT_TEAM = HU73YD5J6R;
				ENABLE_PREVIEWS = YES;
				GENERATE_INFOPLIST_FILE = YES;
				INFOPLIST_FILE = Customer/Info.plist;
				INFOPLIST_KEY_LSApplicationCategoryType = "";
				INFOPLIST_KEY_UIApplicationSceneManifest_Generation = YES;
				INFOPLIST_KEY_UIApplicationSupportsIndirectInputEvents = YES;
				INFOPLIST_KEY_UISupportedInterfaceOrientations_iPad = "UIInterfaceOrientationPortrait UIInterfaceOrientationPortraitUpsideDown UIInterfaceOrientationLandscapeLeft UIInterfaceOrientationLandscapeRight";
				INFOPLIST_KEY_UISupportedInterfaceOrientations_iPhone = "UIInterfaceOrientationPortrait UIInterfaceOrientationLandscapeLeft UIInterfaceOrientationLandscapeRight";
				LD_RUNPATH_SEARCH_PATHS = (
					"$(inherited)",
					"@executable_path/Frameworks",
				);
				MARKETING_VERSION = 1.0;
				PRODUCT_BUNDLE_IDENTIFIER = com.mdsrmed.Customer;
				PRODUCT_NAME = "$(TARGET_NAME)";
				SWIFT_EMIT_LOC_STRINGS = YES;
				SWIFT_VERSION = 5.0;
				TARGETED_DEVICE_FAMILY = "1,2";
			};
			name = Release;
		};
/* End XCBuildConfiguration section */

/* Begin XCConfigurationList section */
		21AC19602AA3D4E2001BA3F4 /* Build configuration list for PBXProject "Customer" */ = {
			isa = XCConfigurationList;
			buildConfigurations = (
				21AC19712AA3D4E4001BA3F4 /* Debug */,
				21AC19722AA3D4E4001BA3F4 /* Release */,
			);
			defaultConfigurationIsVisible = 0;
			defaultConfigurationName = Release;
		};
		21AC19732AA3D4E4001BA3F4 /* Build configuration list for PBXNativeTarget "Customer" */ = {
			isa = XCConfigurationList;
			buildConfigurations = (
				21AC19742AA3D4E4001BA3F4 /* Debug */,
				21AC19752AA3D4E4001BA3F4 /* Release */,
			);
			defaultConfigurationIsVisible = 0;
			defaultConfigurationName = Release;
		};
/* End XCConfigurationList section */
	};
	rootObject = 21AC195D2AA3D4E2001BA3F4 /* Project object */;
}
