// !$*UTF8*$!
{
	archiveVersion = 1;
	classes = {
	};
	objectVersion = 56;
	objects = {

/* Begin PBXBuildFile section */
		2148C8282AB3B445007CF866 /* NetworkingManager.swift in Sources */ = {isa = PBXBuildFile; fileRef = 2148C8272AB3B445007CF866 /* NetworkingManager.swift */; };
		2156ECCB2ACC517300A65DE6 /* CheckmarkPopoverView.swift in Sources */ = {isa = PBXBuildFile; fileRef = 2156ECCA2ACC517300A65DE6 /* CheckmarkPopoverView.swift */; };
		2156ECCE2ACC58F300A65DE6 /* CreateValidator.swift in Sources */ = {isa = PBXBuildFile; fileRef = 2156ECCD2ACC58F300A65DE6 /* CreateValidator.swift */; };
		218C83892AAE72270050693A /* DetailView.swift in Sources */ = {isa = PBXBuildFile; fileRef = 218C83882AAE72270050693A /* DetailView.swift */; };
		21941E572AE5CC42009A7C8F /* CustomerViewModelFailureTests.swift in Sources */ = {isa = PBXBuildFile; fileRef = 21941E562AE5CC42009A7C8F /* CustomerViewModelFailureTests.swift */; };
		21941E592AE5CCBC009A7C8F /* NetworkingManagerUserResponseFailureMock.swift in Sources */ = {isa = PBXBuildFile; fileRef = 21941E582AE5CCBC009A7C8F /* NetworkingManagerUserResponseFailureMock.swift */; };
		2194D6972AE07BA800736EC8 /* NetworkingEndpointTests.swift in Sources */ = {isa = PBXBuildFile; fileRef = 2194D6962AE07BA800736EC8 /* NetworkingEndpointTests.swift */; };
		21975E4B2AB6545E00B33026 /* CustomerViewModel.swift in Sources */ = {isa = PBXBuildFile; fileRef = 21975E4A2AB6545E00B33026 /* CustomerViewModel.swift */; };
		21975E4D2AB661B200B33026 /* DetailViewMdoel.swift in Sources */ = {isa = PBXBuildFile; fileRef = 21975E4C2AB661B200B33026 /* DetailViewMdoel.swift */; };
		219ED2362AABD40200DFF23D /* UsersStaticData.json in Resources */ = {isa = PBXBuildFile; fileRef = 219ED2352AABD40200DFF23D /* UsersStaticData.json */; };
		219ED2382AABD4CF00DFF23D /* SingleUserData.json in Resources */ = {isa = PBXBuildFile; fileRef = 219ED2372AABD4CF00DFF23D /* SingleUserData.json */; };
		219ED23A2AABD5A100DFF23D /* UserDetailResponse.swift in Sources */ = {isa = PBXBuildFile; fileRef = 219ED2392AABD5A100DFF23D /* UserDetailResponse.swift */; };
		219ED23C2AABD66B00DFF23D /* UsersResponse.swift in Sources */ = {isa = PBXBuildFile; fileRef = 219ED23B2AABD66B00DFF23D /* UsersResponse.swift */; };
		219ED23F2AABD73600DFF23D /* Models.swift in Sources */ = {isa = PBXBuildFile; fileRef = 219ED23E2AABD73600DFF23D /* Models.swift */; };
		219ED2422AABD7AA00DFF23D /* StaticJSONMapper.swift in Sources */ = {isa = PBXBuildFile; fileRef = 219ED2412AABD7AA00DFF23D /* StaticJSONMapper.swift */; };
		219FC50D2AE1F98C0093D9B3 /* MockURLSessionProtocol.swift in Sources */ = {isa = PBXBuildFile; fileRef = 219FC50C2AE1F98C0093D9B3 /* MockURLSessionProtocol.swift */; };
		219FC5102AE1FD4D0093D9B3 /* NetworkingManagerTests.swift in Sources */ = {isa = PBXBuildFile; fileRef = 219FC50F2AE1FD4D0093D9B3 /* NetworkingManagerTests.swift */; };
		21AC19692AA3D4E2001BA3F4 /* CustomerApp.swift in Sources */ = {isa = PBXBuildFile; fileRef = 21AC19682AA3D4E2001BA3F4 /* CustomerApp.swift */; };
		21AC196B2AA3D4E2001BA3F4 /* ContentView.swift in Sources */ = {isa = PBXBuildFile; fileRef = 21AC196A2AA3D4E2001BA3F4 /* ContentView.swift */; };
		21AC196D2AA3D4E4001BA3F4 /* Assets.xcassets in Resources */ = {isa = PBXBuildFile; fileRef = 21AC196C2AA3D4E4001BA3F4 /* Assets.xcassets */; };
		21AC19702AA3D4E4001BA3F4 /* Preview Assets.xcassets in Resources */ = {isa = PBXBuildFile; fileRef = 21AC196F2AA3D4E4001BA3F4 /* Preview Assets.xcassets */; };
		21AC19782AA3D582001BA3F4 /* Symbols.swift in Sources */ = {isa = PBXBuildFile; fileRef = 21AC19772AA3D582001BA3F4 /* Symbols.swift */; };
		21AC197B2AA3D83A001BA3F4 /* Theme.swift in Sources */ = {isa = PBXBuildFile; fileRef = 21AC197A2AA3D83A001BA3F4 /* Theme.swift */; };
		21ACBA812AEA8A4B00C16D83 /* NetworkingManagerCreateSuccessMock.swift in Sources */ = {isa = PBXBuildFile; fileRef = 21ACBA802AEA8A4B00C16D83 /* NetworkingManagerCreateSuccessMock.swift */; };
		21ACBA852AEA8B8800C16D83 /* CreateValidatorSuccessMock.swift in Sources */ = {isa = PBXBuildFile; fileRef = 21ACBA842AEA8B8800C16D83 /* CreateValidatorSuccessMock.swift */; };
		21ACBA872AEA8C4900C16D83 /* CreateViewModelSuccessTests.swift in Sources */ = {isa = PBXBuildFile; fileRef = 21ACBA862AEA8C4900C16D83 /* CreateViewModelSuccessTests.swift */; };
		21AFC85D2AE47982006B1CBA /* CustomerViewModelSuccessTests.swift in Sources */ = {isa = PBXBuildFile; fileRef = 21AFC85C2AE47982006B1CBA /* CustomerViewModelSuccessTests.swift */; };
		21AFC85F2AE47A8B006B1CBA /* NetworkingManagerUserResponseSuccessMock.swift in Sources */ = {isa = PBXBuildFile; fileRef = 21AFC85E2AE47A8B006B1CBA /* NetworkingManagerUserResponseSuccessMock.swift */; };
		21B1A67B2AD4AA43000C2DA1 /* JSONMapperTests.swift in Sources */ = {isa = PBXBuildFile; fileRef = 21B1A67A2AD4AA43000C2DA1 /* JSONMapperTests.swift */; };
		21B512AB2AB25F1700145CDC /* CreateView.swift in Sources */ = {isa = PBXBuildFile; fileRef = 21B512AA2AB25F1700145CDC /* CreateView.swift */; };
		21C07F882ADA3181000980A3 /* CreateFormValidationTests.swift in Sources */ = {isa = PBXBuildFile; fileRef = 21C07F872ADA3181000980A3 /* CreateFormValidationTests.swift */; };
		21C5BDAF2ACD9DF3002D3193 /* HapticsManager.swift in Sources */ = {isa = PBXBuildFile; fileRef = 21C5BDAE2ACD9DF3002D3193 /* HapticsManager.swift */; };
		21C5BDB12ACDA0B8002D3193 /* SettingsView.swift in Sources */ = {isa = PBXBuildFile; fileRef = 21C5BDB02ACDA0B8002D3193 /* SettingsView.swift */; };
		21C5BDB42ACDA267002D3193 /* UserDefaultKeys.swift in Sources */ = {isa = PBXBuildFile; fileRef = 21C5BDB32ACDA267002D3193 /* UserDefaultKeys.swift */; };
		21C5BDB62ACDA861002D3193 /* Endpoint.swift in Sources */ = {isa = PBXBuildFile; fileRef = 21C5BDB52ACDA861002D3193 /* Endpoint.swift */; };
		21C6E7DD2AE69C300057EEDE /* NetworkingManagerUserDetailResponseSuccess.swift in Sources */ = {isa = PBXBuildFile; fileRef = 21C6E7DC2AE69C300057EEDE /* NetworkingManagerUserDetailResponseSuccess.swift */; };
		21C6E7DF2AE69D210057EEDE /* NetworkingManagerUserDetailResponseSuccessFailure.swift in Sources */ = {isa = PBXBuildFile; fileRef = 21C6E7DE2AE69D210057EEDE /* NetworkingManagerUserDetailResponseSuccessFailure.swift */; };
		21C6E7E22AE69E0D0057EEDE /* DetailsViewModelSuccessTests.swift in Sources */ = {isa = PBXBuildFile; fileRef = 21C6E7E12AE69E0D0057EEDE /* DetailsViewModelSuccessTests.swift */; };
		21C6E7E42AE6A1B80057EEDE /* DetailsViewModelFailureTests.swift in Sources */ = {isa = PBXBuildFile; fileRef = 21C6E7E32AE6A1B80057EEDE /* DetailsViewModelFailureTests.swift */; };
		21E0F27D2AAD1D3200BE9A13 /* CustomerListView.swift in Sources */ = {isa = PBXBuildFile; fileRef = 21E0F27C2AAD1D3200BE9A13 /* CustomerListView.swift */; };
		21E0F27F2AAD238100BE9A13 /* CustomerView.swift in Sources */ = {isa = PBXBuildFile; fileRef = 21E0F27E2AAD238100BE9A13 /* CustomerView.swift */; };
		21E0F2822AAD2E3700BE9A13 /* TagView.swift in Sources */ = {isa = PBXBuildFile; fileRef = 21E0F2812AAD2E3700BE9A13 /* TagView.swift */; };
		21E704172AB7AEAF007CE820 /* NewCustomer.swift in Sources */ = {isa = PBXBuildFile; fileRef = 21E704162AB7AEAF007CE820 /* NewCustomer.swift */; };
		21E704192AB7AF41007CE820 /* CreateViewModel.swift in Sources */ = {isa = PBXBuildFile; fileRef = 21E704182AB7AF41007CE820 /* CreateViewModel.swift */; };
/* End PBXBuildFile section */

/* Begin PBXContainerItemProxy section */
		21B1A6742AD4A9D1000C2DA1 /* PBXContainerItemProxy */ = {
			isa = PBXContainerItemProxy;
			containerPortal = 21AC195D2AA3D4E2001BA3F4 /* Project object */;
			proxyType = 1;
			remoteGlobalIDString = 21AC19642AA3D4E2001BA3F4;
			remoteInfo = Customer;
		};
/* End PBXContainerItemProxy section */

/* Begin PBXFileReference section */
		2148C8272AB3B445007CF866 /* NetworkingManager.swift */ = {isa = PBXFileReference; lastKnownFileType = sourcecode.swift; path = NetworkingManager.swift; sourceTree = "<group>"; };
		214E45BB2AAA803A00617FBC /* Info.plist */ = {isa = PBXFileReference; lastKnownFileType = text.plist; path = Info.plist; sourceTree = "<group>"; };
		2156ECCA2ACC517300A65DE6 /* CheckmarkPopoverView.swift */ = {isa = PBXFileReference; lastKnownFileType = sourcecode.swift; path = CheckmarkPopoverView.swift; sourceTree = "<group>"; };
		2156ECCD2ACC58F300A65DE6 /* CreateValidator.swift */ = {isa = PBXFileReference; lastKnownFileType = sourcecode.swift; path = CreateValidator.swift; sourceTree = "<group>"; };
		218C83882AAE72270050693A /* DetailView.swift */ = {isa = PBXFileReference; lastKnownFileType = sourcecode.swift; path = DetailView.swift; sourceTree = "<group>"; };
		21941E562AE5CC42009A7C8F /* CustomerViewModelFailureTests.swift */ = {isa = PBXFileReference; lastKnownFileType = sourcecode.swift; path = CustomerViewModelFailureTests.swift; sourceTree = "<group>"; };
		21941E582AE5CCBC009A7C8F /* NetworkingManagerUserResponseFailureMock.swift */ = {isa = PBXFileReference; lastKnownFileType = sourcecode.swift; path = NetworkingManagerUserResponseFailureMock.swift; sourceTree = "<group>"; };
		2194D6962AE07BA800736EC8 /* NetworkingEndpointTests.swift */ = {isa = PBXFileReference; lastKnownFileType = sourcecode.swift; path = NetworkingEndpointTests.swift; sourceTree = "<group>"; };
		21975E4A2AB6545E00B33026 /* CustomerViewModel.swift */ = {isa = PBXFileReference; lastKnownFileType = sourcecode.swift; path = CustomerViewModel.swift; sourceTree = "<group>"; };
		21975E4C2AB661B200B33026 /* DetailViewMdoel.swift */ = {isa = PBXFileReference; lastKnownFileType = sourcecode.swift; path = DetailViewMdoel.swift; sourceTree = "<group>"; };
		219ED2352AABD40200DFF23D /* UsersStaticData.json */ = {isa = PBXFileReference; lastKnownFileType = text.json; path = UsersStaticData.json; sourceTree = "<group>"; };
		219ED2372AABD4CF00DFF23D /* SingleUserData.json */ = {isa = PBXFileReference; lastKnownFileType = text.json; path = SingleUserData.json; sourceTree = "<group>"; };
		219ED2392AABD5A100DFF23D /* UserDetailResponse.swift */ = {isa = PBXFileReference; lastKnownFileType = sourcecode.swift; path = UserDetailResponse.swift; sourceTree = "<group>"; };
		219ED23B2AABD66B00DFF23D /* UsersResponse.swift */ = {isa = PBXFileReference; lastKnownFileType = sourcecode.swift; path = UsersResponse.swift; sourceTree = "<group>"; };
		219ED23E2AABD73600DFF23D /* Models.swift */ = {isa = PBXFileReference; lastKnownFileType = sourcecode.swift; path = Models.swift; sourceTree = "<group>"; };
		219ED2412AABD7AA00DFF23D /* StaticJSONMapper.swift */ = {isa = PBXFileReference; lastKnownFileType = sourcecode.swift; path = StaticJSONMapper.swift; sourceTree = "<group>"; };
		219FC50C2AE1F98C0093D9B3 /* MockURLSessionProtocol.swift */ = {isa = PBXFileReference; lastKnownFileType = sourcecode.swift; path = MockURLSessionProtocol.swift; sourceTree = "<group>"; };
		219FC50F2AE1FD4D0093D9B3 /* NetworkingManagerTests.swift */ = {isa = PBXFileReference; lastKnownFileType = sourcecode.swift; path = NetworkingManagerTests.swift; sourceTree = "<group>"; };
		21AC19652AA3D4E2001BA3F4 /* Customer.app */ = {isa = PBXFileReference; explicitFileType = wrapper.application; includeInIndex = 0; path = Customer.app; sourceTree = BUILT_PRODUCTS_DIR; };
		21AC19682AA3D4E2001BA3F4 /* CustomerApp.swift */ = {isa = PBXFileReference; lastKnownFileType = sourcecode.swift; path = CustomerApp.swift; sourceTree = "<group>"; };
		21AC196A2AA3D4E2001BA3F4 /* ContentView.swift */ = {isa = PBXFileReference; lastKnownFileType = sourcecode.swift; path = ContentView.swift; sourceTree = "<group>"; };
		21AC196C2AA3D4E4001BA3F4 /* Assets.xcassets */ = {isa = PBXFileReference; lastKnownFileType = folder.assetcatalog; path = Assets.xcassets; sourceTree = "<group>"; };
		21AC196F2AA3D4E4001BA3F4 /* Preview Assets.xcassets */ = {isa = PBXFileReference; lastKnownFileType = folder.assetcatalog; path = "Preview Assets.xcassets"; sourceTree = "<group>"; };
		21AC19772AA3D582001BA3F4 /* Symbols.swift */ = {isa = PBXFileReference; lastKnownFileType = sourcecode.swift; path = Symbols.swift; sourceTree = "<group>"; };
		21AC197A2AA3D83A001BA3F4 /* Theme.swift */ = {isa = PBXFileReference; lastKnownFileType = sourcecode.swift; path = Theme.swift; sourceTree = "<group>"; };
		21ACBA802AEA8A4B00C16D83 /* NetworkingManagerCreateSuccessMock.swift */ = {isa = PBXFileReference; lastKnownFileType = sourcecode.swift; path = NetworkingManagerCreateSuccessMock.swift; sourceTree = "<group>"; };
		21ACBA842AEA8B8800C16D83 /* CreateValidatorSuccessMock.swift */ = {isa = PBXFileReference; lastKnownFileType = sourcecode.swift; path = CreateValidatorSuccessMock.swift; sourceTree = "<group>"; };
		21ACBA862AEA8C4900C16D83 /* CreateViewModelSuccessTests.swift */ = {isa = PBXFileReference; lastKnownFileType = sourcecode.swift; path = CreateViewModelSuccessTests.swift; sourceTree = "<group>"; };
		21AFC85C2AE47982006B1CBA /* CustomerViewModelSuccessTests.swift */ = {isa = PBXFileReference; lastKnownFileType = sourcecode.swift; path = CustomerViewModelSuccessTests.swift; sourceTree = "<group>"; };
		21AFC85E2AE47A8B006B1CBA /* NetworkingManagerUserResponseSuccessMock.swift */ = {isa = PBXFileReference; lastKnownFileType = sourcecode.swift; path = NetworkingManagerUserResponseSuccessMock.swift; sourceTree = "<group>"; };
		21B1A6702AD4A9D0000C2DA1 /* CustomerTests.xctest */ = {isa = PBXFileReference; explicitFileType = wrapper.cfbundle; includeInIndex = 0; path = CustomerTests.xctest; sourceTree = BUILT_PRODUCTS_DIR; };
		21B1A67A2AD4AA43000C2DA1 /* JSONMapperTests.swift */ = {isa = PBXFileReference; lastKnownFileType = sourcecode.swift; path = JSONMapperTests.swift; sourceTree = "<group>"; };
		21B512AA2AB25F1700145CDC /* CreateView.swift */ = {isa = PBXFileReference; lastKnownFileType = sourcecode.swift; path = CreateView.swift; sourceTree = "<group>"; };
		21C07F872ADA3181000980A3 /* CreateFormValidationTests.swift */ = {isa = PBXFileReference; lastKnownFileType = sourcecode.swift; path = CreateFormValidationTests.swift; sourceTree = "<group>"; };
		21C5BDAE2ACD9DF3002D3193 /* HapticsManager.swift */ = {isa = PBXFileReference; lastKnownFileType = sourcecode.swift; path = HapticsManager.swift; sourceTree = "<group>"; };
		21C5BDB02ACDA0B8002D3193 /* SettingsView.swift */ = {isa = PBXFileReference; lastKnownFileType = sourcecode.swift; path = SettingsView.swift; sourceTree = "<group>"; };
		21C5BDB32ACDA267002D3193 /* UserDefaultKeys.swift */ = {isa = PBXFileReference; lastKnownFileType = sourcecode.swift; path = UserDefaultKeys.swift; sourceTree = "<group>"; };
		21C5BDB52ACDA861002D3193 /* Endpoint.swift */ = {isa = PBXFileReference; lastKnownFileType = sourcecode.swift; path = Endpoint.swift; sourceTree = "<group>"; };
		21C6E7DC2AE69C300057EEDE /* NetworkingManagerUserDetailResponseSuccess.swift */ = {isa = PBXFileReference; lastKnownFileType = sourcecode.swift; path = NetworkingManagerUserDetailResponseSuccess.swift; sourceTree = "<group>"; };
		21C6E7DE2AE69D210057EEDE /* NetworkingManagerUserDetailResponseSuccessFailure.swift */ = {isa = PBXFileReference; lastKnownFileType = sourcecode.swift; path = NetworkingManagerUserDetailResponseSuccessFailure.swift; sourceTree = "<group>"; };
		21C6E7E12AE69E0D0057EEDE /* DetailsViewModelSuccessTests.swift */ = {isa = PBXFileReference; lastKnownFileType = sourcecode.swift; path = DetailsViewModelSuccessTests.swift; sourceTree = "<group>"; };
		21C6E7E32AE6A1B80057EEDE /* DetailsViewModelFailureTests.swift */ = {isa = PBXFileReference; lastKnownFileType = sourcecode.swift; path = DetailsViewModelFailureTests.swift; sourceTree = "<group>"; };
		21E0F27C2AAD1D3200BE9A13 /* CustomerListView.swift */ = {isa = PBXFileReference; lastKnownFileType = sourcecode.swift; path = CustomerListView.swift; sourceTree = "<group>"; };
		21E0F27E2AAD238100BE9A13 /* CustomerView.swift */ = {isa = PBXFileReference; lastKnownFileType = sourcecode.swift; path = CustomerView.swift; sourceTree = "<group>"; };
		21E0F2812AAD2E3700BE9A13 /* TagView.swift */ = {isa = PBXFileReference; lastKnownFileType = sourcecode.swift; path = TagView.swift; sourceTree = "<group>"; };
		21E704162AB7AEAF007CE820 /* NewCustomer.swift */ = {isa = PBXFileReference; lastKnownFileType = sourcecode.swift; path = NewCustomer.swift; sourceTree = "<group>"; };
		21E704182AB7AF41007CE820 /* CreateViewModel.swift */ = {isa = PBXFileReference; lastKnownFileType = sourcecode.swift; path = CreateViewModel.swift; sourceTree = "<group>"; };
/* End PBXFileReference section */

/* Begin PBXFrameworksBuildPhase section */
		21AC19622AA3D4E2001BA3F4 /* Frameworks */ = {
			isa = PBXFrameworksBuildPhase;
			buildActionMask = 2147483647;
			files = (
			);
			runOnlyForDeploymentPostprocessing = 0;
		};
		21B1A66D2AD4A9D0000C2DA1 /* Frameworks */ = {
			isa = PBXFrameworksBuildPhase;
			buildActionMask = 2147483647;
			files = (
			);
			runOnlyForDeploymentPostprocessing = 0;
		};
/* End PBXFrameworksBuildPhase section */

/* Begin PBXGroup section */
		2148C8262AB3B428007CF866 /* API */ = {
			isa = PBXGroup;
			children = (
				2148C8272AB3B445007CF866 /* NetworkingManager.swift */,
				21C5BDB52ACDA861002D3193 /* Endpoint.swift */,
			);
			path = API;
			sourceTree = "<group>";
		};
		2156ECCC2ACC58CE00A65DE6 /* Validator */ = {
			isa = PBXGroup;
			children = (
				2156ECCD2ACC58F300A65DE6 /* CreateValidator.swift */,
			);
			path = Validator;
			sourceTree = "<group>";
		};
		2194D6942AE07B4D00736EC8 /* Networking */ = {
			isa = PBXGroup;
			children = (
				219FC50E2AE1FD100093D9B3 /* NetworkingManager */,
				219FC50B2AE1F95F0093D9B3 /* Mocks */,
				2194D6952AE07B5B00736EC8 /* Endpoint */,
			);
			path = Networking;
			sourceTree = "<group>";
		};
		2194D6952AE07B5B00736EC8 /* Endpoint */ = {
			isa = PBXGroup;
			children = (
				2194D6962AE07BA800736EC8 /* NetworkingEndpointTests.swift */,
			);
			path = Endpoint;
			sourceTree = "<group>";
		};
		219ED2342AABD3C200DFF23D /* JSON */ = {
			isa = PBXGroup;
			children = (
				219ED2352AABD40200DFF23D /* UsersStaticData.json */,
				219ED2372AABD4CF00DFF23D /* SingleUserData.json */,
			);
			path = JSON;
			sourceTree = "<group>";
		};
		219ED23D2AABD72400DFF23D /* Model */ = {
			isa = PBXGroup;
			children = (
				219ED23E2AABD73600DFF23D /* Models.swift */,
			);
			path = Model;
			sourceTree = "<group>";
		};
		219ED2402AABD78600DFF23D /* Mapper */ = {
			isa = PBXGroup;
			children = (
				219ED2412AABD7AA00DFF23D /* StaticJSONMapper.swift */,
			);
			path = Mapper;
			sourceTree = "<group>";
		};
		219FC50B2AE1F95F0093D9B3 /* Mocks */ = {
			isa = PBXGroup;
			children = (
				21ACBA7F2AEA8A2100C16D83 /* Create */,
				21C6E7DB2AE69BF20057EEDE /* UserDetails */,
				21C6E7DA2AE69BD10057EEDE /* UserResponse */,
				219FC50C2AE1F98C0093D9B3 /* MockURLSessionProtocol.swift */,
			);
			path = Mocks;
			sourceTree = "<group>";
		};
		219FC50E2AE1FD100093D9B3 /* NetworkingManager */ = {
			isa = PBXGroup;
			children = (
				219FC50F2AE1FD4D0093D9B3 /* NetworkingManagerTests.swift */,
			);
			path = NetworkingManager;
			sourceTree = "<group>";
		};
		21AC195C2AA3D4E2001BA3F4 = {
			isa = PBXGroup;
			children = (
				21AC19672AA3D4E2001BA3F4 /* Customer */,
				21B1A6712AD4A9D1000C2DA1 /* CustomerTests */,
				21AC19662AA3D4E2001BA3F4 /* Products */,
			);
			sourceTree = "<group>";
		};
		21AC19662AA3D4E2001BA3F4 /* Products */ = {
			isa = PBXGroup;
			children = (
				21AC19652AA3D4E2001BA3F4 /* Customer.app */,
				21B1A6702AD4A9D0000C2DA1 /* CustomerTests.xctest */,
			);
			name = Products;
			sourceTree = "<group>";
		};
		21AC19672AA3D4E2001BA3F4 /* Customer */ = {
			isa = PBXGroup;
			children = (
				214E45BB2AAA803A00617FBC /* Info.plist */,
				21AC197D2AA3D91F001BA3F4 /* Features */,
				21AC197C2AA3D917001BA3F4 /* Base */,
				21AC19762AA3D52B001BA3F4 /* Resources */,
				21AC19682AA3D4E2001BA3F4 /* CustomerApp.swift */,
				21AC196A2AA3D4E2001BA3F4 /* ContentView.swift */,
				21AC196C2AA3D4E4001BA3F4 /* Assets.xcassets */,
				21AC196E2AA3D4E4001BA3F4 /* Preview Content */,
			);
			path = Customer;
			sourceTree = "<group>";
		};
		21AC196E2AA3D4E4001BA3F4 /* Preview Content */ = {
			isa = PBXGroup;
			children = (
				21AC196F2AA3D4E4001BA3F4 /* Preview Assets.xcassets */,
			);
			path = "Preview Content";
			sourceTree = "<group>";
		};
		21AC19762AA3D52B001BA3F4 /* Resources */ = {
			isa = PBXGroup;
			children = (
				219ED2342AABD3C200DFF23D /* JSON */,
				21AC19772AA3D582001BA3F4 /* Symbols.swift */,
				21AC197A2AA3D83A001BA3F4 /* Theme.swift */,
			);
			path = Resources;
			sourceTree = "<group>";
		};
		21AC197C2AA3D917001BA3F4 /* Base */ = {
			isa = PBXGroup;
			children = (
				21C5BDB22ACDA23B002D3193 /* UserDefaults */,
				21C5BDAD2ACD9DD4002D3193 /* Haptics */,
				2148C8262AB3B428007CF866 /* API */,
				21E0F2802AAD2E2500BE9A13 /* Views */,
				219ED2402AABD78600DFF23D /* Mapper */,
				219ED23D2AABD72400DFF23D /* Model */,
			);
			path = Base;
			sourceTree = "<group>";
		};
		21AC197D2AA3D91F001BA3F4 /* Features */ = {
			isa = PBXGroup;
			children = (
				21AC19812AA3D965001BA3F4 /* Settings */,
				21AC19802AA3D95B001BA3F4 /* Detail */,
				21AC197F2AA3D951001BA3F4 /* Create */,
				21AC197E2AA3D93F001BA3F4 /* Customer */,
			);
			path = Features;
			sourceTree = "<group>";
		};
		21AC197E2AA3D93F001BA3F4 /* Customer */ = {
			isa = PBXGroup;
			children = (
				21AC19842AA3D998001BA3F4 /* ViewMdoels */,
				21AC19832AA3D98E001BA3F4 /* Model */,
				21AC19822AA3D986001BA3F4 /* Views */,
			);
			path = Customer;
			sourceTree = "<group>";
		};
		21AC197F2AA3D951001BA3F4 /* Create */ = {
			isa = PBXGroup;
			children = (
				2156ECCC2ACC58CE00A65DE6 /* Validator */,
				21AC198B2AA3DA07001BA3F4 /* ViewMdoel */,
				21AC198A2AA3D9FD001BA3F4 /* Model */,
				21AC19892AA3D9F2001BA3F4 /* Views */,
			);
			path = Create;
			sourceTree = "<group>";
		};
		21AC19802AA3D95B001BA3F4 /* Detail */ = {
			isa = PBXGroup;
			children = (
				21AC19882AA3D9E8001BA3F4 /* ViewModels */,
				21AC19872AA3D9DF001BA3F4 /* Model */,
				21AC19862AA3D9D5001BA3F4 /* Views */,
			);
			path = Detail;
			sourceTree = "<group>";
		};
		21AC19812AA3D965001BA3F4 /* Settings */ = {
			isa = PBXGroup;
			children = (
				21AC19852AA3D9C9001BA3F4 /* Views */,
			);
			path = Settings;
			sourceTree = "<group>";
		};
		21AC19822AA3D986001BA3F4 /* Views */ = {
			isa = PBXGroup;
			children = (
				21E0F27C2AAD1D3200BE9A13 /* CustomerListView.swift */,
				21E0F27E2AAD238100BE9A13 /* CustomerView.swift */,
			);
			path = Views;
			sourceTree = "<group>";
		};
		21AC19832AA3D98E001BA3F4 /* Model */ = {
			isa = PBXGroup;
			children = (
				219ED23B2AABD66B00DFF23D /* UsersResponse.swift */,
			);
			path = Model;
			sourceTree = "<group>";
		};
		21AC19842AA3D998001BA3F4 /* ViewMdoels */ = {
			isa = PBXGroup;
			children = (
				21975E4A2AB6545E00B33026 /* CustomerViewModel.swift */,
			);
			path = ViewMdoels;
			sourceTree = "<group>";
		};
		21AC19852AA3D9C9001BA3F4 /* Views */ = {
			isa = PBXGroup;
			children = (
				21C5BDB02ACDA0B8002D3193 /* SettingsView.swift */,
			);
			path = Views;
			sourceTree = "<group>";
		};
		21AC19862AA3D9D5001BA3F4 /* Views */ = {
			isa = PBXGroup;
			children = (
				218C83882AAE72270050693A /* DetailView.swift */,
			);
			path = Views;
			sourceTree = "<group>";
		};
		21AC19872AA3D9DF001BA3F4 /* Model */ = {
			isa = PBXGroup;
			children = (
				219ED2392AABD5A100DFF23D /* UserDetailResponse.swift */,
			);
			path = Model;
			sourceTree = "<group>";
		};
		21AC19882AA3D9E8001BA3F4 /* ViewModels */ = {
			isa = PBXGroup;
			children = (
				21975E4C2AB661B200B33026 /* DetailViewMdoel.swift */,
			);
			path = ViewModels;
			sourceTree = "<group>";
		};
		21AC19892AA3D9F2001BA3F4 /* Views */ = {
			isa = PBXGroup;
			children = (
				21B512AA2AB25F1700145CDC /* CreateView.swift */,
			);
			path = Views;
			sourceTree = "<group>";
		};
		21AC198A2AA3D9FD001BA3F4 /* Model */ = {
			isa = PBXGroup;
			children = (
				21E704162AB7AEAF007CE820 /* NewCustomer.swift */,
			);
			path = Model;
			sourceTree = "<group>";
		};
		21AC198B2AA3DA07001BA3F4 /* ViewMdoel */ = {
			isa = PBXGroup;
			children = (
				21E704182AB7AF41007CE820 /* CreateViewModel.swift */,
			);
			path = ViewMdoel;
			sourceTree = "<group>";
		};
		21ACBA7F2AEA8A2100C16D83 /* Create */ = {
			isa = PBXGroup;
			children = (
				21ACBA802AEA8A4B00C16D83 /* NetworkingManagerCreateSuccessMock.swift */,
			);
			path = Create;
			sourceTree = "<group>";
		};
		21ACBA822AEA8B6600C16D83 /* Create */ = {
			isa = PBXGroup;
			children = (
				21ACBA832AEA8B7000C16D83 /* Mocks */,
			);
			path = Create;
			sourceTree = "<group>";
		};
		21ACBA832AEA8B7000C16D83 /* Mocks */ = {
			isa = PBXGroup;
			children = (
				21ACBA842AEA8B8800C16D83 /* CreateValidatorSuccessMock.swift */,
				21ACBA862AEA8C4900C16D83 /* CreateViewModelSuccessTests.swift */,
			);
			path = Mocks;
			sourceTree = "<group>";
		};
		21AFC85B2AE47934006B1CBA /* Customer */ = {
			isa = PBXGroup;
			children = (
				21AFC85C2AE47982006B1CBA /* CustomerViewModelSuccessTests.swift */,
				21941E562AE5CC42009A7C8F /* CustomerViewModelFailureTests.swift */,
			);
			path = Customer;
			sourceTree = "<group>";
		};
		21B1A6712AD4A9D1000C2DA1 /* CustomerTests */ = {
			isa = PBXGroup;
			children = (
				21ACBA822AEA8B6600C16D83 /* Create */,
				21C6E7E02AE69DDC0057EEDE /* Details */,
				21AFC85B2AE47934006B1CBA /* Customer */,
				2194D6942AE07B4D00736EC8 /* Networking */,
				21C07F862ADA311E000980A3 /* Form */,
				21B1A6792AD4A9F1000C2DA1 /* Mapper */,
			);
			path = CustomerTests;
			sourceTree = "<group>";
		};
		21B1A6792AD4A9F1000C2DA1 /* Mapper */ = {
			isa = PBXGroup;
			children = (
				21B1A67A2AD4AA43000C2DA1 /* JSONMapperTests.swift */,
			);
			path = Mapper;
			sourceTree = "<group>";
		};
		21C07F862ADA311E000980A3 /* Form */ = {
			isa = PBXGroup;
			children = (
				21C07F872ADA3181000980A3 /* CreateFormValidationTests.swift */,
			);
			path = Form;
			sourceTree = "<group>";
		};
		21C5BDAD2ACD9DD4002D3193 /* Haptics */ = {
			isa = PBXGroup;
			children = (
				21C5BDAE2ACD9DF3002D3193 /* HapticsManager.swift */,
			);
			path = Haptics;
			sourceTree = "<group>";
		};
		21C5BDB22ACDA23B002D3193 /* UserDefaults */ = {
			isa = PBXGroup;
			children = (
				21C5BDB32ACDA267002D3193 /* UserDefaultKeys.swift */,
			);
			path = UserDefaults;
			sourceTree = "<group>";
		};
		21C6E7DA2AE69BD10057EEDE /* UserResponse */ = {
			isa = PBXGroup;
			children = (
				21941E582AE5CCBC009A7C8F /* NetworkingManagerUserResponseFailureMock.swift */,
				21AFC85E2AE47A8B006B1CBA /* NetworkingManagerUserResponseSuccessMock.swift */,
			);
			path = UserResponse;
			sourceTree = "<group>";
		};
		21C6E7DB2AE69BF20057EEDE /* UserDetails */ = {
			isa = PBXGroup;
			children = (
				21C6E7DC2AE69C300057EEDE /* NetworkingManagerUserDetailResponseSuccess.swift */,
				21C6E7DE2AE69D210057EEDE /* NetworkingManagerUserDetailResponseSuccessFailure.swift */,
			);
			path = UserDetails;
			sourceTree = "<group>";
		};
		21C6E7E02AE69DDC0057EEDE /* Details */ = {
			isa = PBXGroup;
			children = (
				21C6E7E12AE69E0D0057EEDE /* DetailsViewModelSuccessTests.swift */,
				21C6E7E32AE6A1B80057EEDE /* DetailsViewModelFailureTests.swift */,
			);
			path = Details;
			sourceTree = "<group>";
		};
		21E0F2802AAD2E2500BE9A13 /* Views */ = {
			isa = PBXGroup;
			children = (
				21E0F2812AAD2E3700BE9A13 /* TagView.swift */,
				2156ECCA2ACC517300A65DE6 /* CheckmarkPopoverView.swift */,
			);
			path = Views;
			sourceTree = "<group>";
		};
/* End PBXGroup section */

/* Begin PBXNativeTarget section */
		21AC19642AA3D4E2001BA3F4 /* Customer */ = {
			isa = PBXNativeTarget;
			buildConfigurationList = 21AC19732AA3D4E4001BA3F4 /* Build configuration list for PBXNativeTarget "Customer" */;
			buildPhases = (
				21AC19612AA3D4E2001BA3F4 /* Sources */,
				21AC19622AA3D4E2001BA3F4 /* Frameworks */,
				21AC19632AA3D4E2001BA3F4 /* Resources */,
			);
			buildRules = (
			);
			dependencies = (
			);
			name = Customer;
			productName = Customer;
			productReference = 21AC19652AA3D4E2001BA3F4 /* Customer.app */;
			productType = "com.apple.product-type.application";
		};
		21B1A66F2AD4A9D0000C2DA1 /* CustomerTests */ = {
			isa = PBXNativeTarget;
			buildConfigurationList = 21B1A6782AD4A9D1000C2DA1 /* Build configuration list for PBXNativeTarget "CustomerTests" */;
			buildPhases = (
				21B1A66C2AD4A9D0000C2DA1 /* Sources */,
				21B1A66D2AD4A9D0000C2DA1 /* Frameworks */,
				21B1A66E2AD4A9D0000C2DA1 /* Resources */,
			);
			buildRules = (
			);
			dependencies = (
				21B1A6752AD4A9D1000C2DA1 /* PBXTargetDependency */,
			);
			name = CustomerTests;
			productName = CustomerTests;
			productReference = 21B1A6702AD4A9D0000C2DA1 /* CustomerTests.xctest */;
			productType = "com.apple.product-type.bundle.unit-test";
		};
/* End PBXNativeTarget section */

/* Begin PBXProject section */
		21AC195D2AA3D4E2001BA3F4 /* Project object */ = {
			isa = PBXProject;
			attributes = {
				BuildIndependentTargetsInParallel = 1;
				LastSwiftUpdateCheck = 1500;
				LastUpgradeCheck = 1500;
				TargetAttributes = {
					21AC19642AA3D4E2001BA3F4 = {
						CreatedOnToolsVersion = 14.3.1;
					};
					21B1A66F2AD4A9D0000C2DA1 = {
						CreatedOnToolsVersion = 15.0;
						TestTargetID = 21AC19642AA3D4E2001BA3F4;
					};
				};
			};
			buildConfigurationList = 21AC19602AA3D4E2001BA3F4 /* Build configuration list for PBXProject "Customer" */;
			compatibilityVersion = "Xcode 14.0";
			developmentRegion = en;
			hasScannedForEncodings = 0;
			knownRegions = (
				en,
				Base,
			);
			mainGroup = 21AC195C2AA3D4E2001BA3F4;
			productRefGroup = 21AC19662AA3D4E2001BA3F4 /* Products */;
			projectDirPath = "";
			projectRoot = "";
			targets = (
				21AC19642AA3D4E2001BA3F4 /* Customer */,
				21B1A66F2AD4A9D0000C2DA1 /* CustomerTests */,
			);
		};
/* End PBXProject section */

/* Begin PBXResourcesBuildPhase section */
		21AC19632AA3D4E2001BA3F4 /* Resources */ = {
			isa = PBXResourcesBuildPhase;
			buildActionMask = 2147483647;
			files = (
				21AC19702AA3D4E4001BA3F4 /* Preview Assets.xcassets in Resources */,
				21AC196D2AA3D4E4001BA3F4 /* Assets.xcassets in Resources */,
				219ED2382AABD4CF00DFF23D /* SingleUserData.json in Resources */,
				219ED2362AABD40200DFF23D /* UsersStaticData.json in Resources */,
			);
			runOnlyForDeploymentPostprocessing = 0;
		};
		21B1A66E2AD4A9D0000C2DA1 /* Resources */ = {
			isa = PBXResourcesBuildPhase;
			buildActionMask = 2147483647;
			files = (
			);
			runOnlyForDeploymentPostprocessing = 0;
		};
/* End PBXResourcesBuildPhase section */

/* Begin PBXSourcesBuildPhase section */
		21AC19612AA3D4E2001BA3F4 /* Sources */ = {
			isa = PBXSourcesBuildPhase;
			buildActionMask = 2147483647;
			files = (
				21E0F27F2AAD238100BE9A13 /* CustomerView.swift in Sources */,
				218C83892AAE72270050693A /* DetailView.swift in Sources */,
				2156ECCE2ACC58F300A65DE6 /* CreateValidator.swift in Sources */,
				219ED2422AABD7AA00DFF23D /* StaticJSONMapper.swift in Sources */,
				21E0F2822AAD2E3700BE9A13 /* TagView.swift in Sources */,
				21AC19782AA3D582001BA3F4 /* Symbols.swift in Sources */,
				21AC197B2AA3D83A001BA3F4 /* Theme.swift in Sources */,
				21E704192AB7AF41007CE820 /* CreateViewModel.swift in Sources */,
				21AC196B2AA3D4E2001BA3F4 /* ContentView.swift in Sources */,
				21C5BDAF2ACD9DF3002D3193 /* HapticsManager.swift in Sources */,
				21C5BDB62ACDA861002D3193 /* Endpoint.swift in Sources */,
				219ED23A2AABD5A100DFF23D /* UserDetailResponse.swift in Sources */,
				21B512AB2AB25F1700145CDC /* CreateView.swift in Sources */,
				21C5BDB42ACDA267002D3193 /* UserDefaultKeys.swift in Sources */,
				21E704172AB7AEAF007CE820 /* NewCustomer.swift in Sources */,
				21E0F27D2AAD1D3200BE9A13 /* CustomerListView.swift in Sources */,
				21AC19692AA3D4E2001BA3F4 /* CustomerApp.swift in Sources */,
				21975E4B2AB6545E00B33026 /* CustomerViewModel.swift in Sources */,
				219ED23C2AABD66B00DFF23D /* UsersResponse.swift in Sources */,
				219ED23F2AABD73600DFF23D /* Models.swift in Sources */,
				2148C8282AB3B445007CF866 /* NetworkingManager.swift in Sources */,
				2156ECCB2ACC517300A65DE6 /* CheckmarkPopoverView.swift in Sources */,
				21975E4D2AB661B200B33026 /* DetailViewMdoel.swift in Sources */,
				21C5BDB12ACDA0B8002D3193 /* SettingsView.swift in Sources */,
			);
			runOnlyForDeploymentPostprocessing = 0;
		};
		21B1A66C2AD4A9D0000C2DA1 /* Sources */ = {
			isa = PBXSourcesBuildPhase;
			buildActionMask = 2147483647;
			files = (
				21C6E7DF2AE69D210057EEDE /* NetworkingManagerUserDetailResponseSuccessFailure.swift in Sources */,
				21AFC85D2AE47982006B1CBA /* CustomerViewModelSuccessTests.swift in Sources */,
				21C6E7E42AE6A1B80057EEDE /* DetailsViewModelFailureTests.swift in Sources */,
				21ACBA812AEA8A4B00C16D83 /* NetworkingManagerCreateSuccessMock.swift in Sources */,
				21AFC85F2AE47A8B006B1CBA /* NetworkingManagerUserResponseSuccessMock.swift in Sources */,
				21C6E7DD2AE69C300057EEDE /* NetworkingManagerUserDetailResponseSuccess.swift in Sources */,
				219FC5102AE1FD4D0093D9B3 /* NetworkingManagerTests.swift in Sources */,
				21ACBA852AEA8B8800C16D83 /* CreateValidatorSuccessMock.swift in Sources */,
				21ACBA872AEA8C4900C16D83 /* CreateViewModelSuccessTests.swift in Sources */,
				21C07F882ADA3181000980A3 /* CreateFormValidationTests.swift in Sources */,
				21941E592AE5CCBC009A7C8F /* NetworkingManagerUserResponseFailureMock.swift in Sources */,
				21C6E7E22AE69E0D0057EEDE /* DetailsViewModelSuccessTests.swift in Sources */,
				21B1A67B2AD4AA43000C2DA1 /* JSONMapperTests.swift in Sources */,
				219FC50D2AE1F98C0093D9B3 /* MockURLSessionProtocol.swift in Sources */,
				2194D6972AE07BA800736EC8 /* NetworkingEndpointTests.swift in Sources */,
				21941E572AE5CC42009A7C8F /* CustomerViewModelFailureTests.swift in Sources */,
			);
			runOnlyForDeploymentPostprocessing = 0;
		};
/* End PBXSourcesBuildPhase section */

/* Begin PBXTargetDependency section */
		21B1A6752AD4A9D1000C2DA1 /* PBXTargetDependency */ = {
			isa = PBXTargetDependency;
			target = 21AC19642AA3D4E2001BA3F4 /* Customer */;
			targetProxy = 21B1A6742AD4A9D1000C2DA1 /* PBXContainerItemProxy */;
		};
/* End PBXTargetDependency section */

/* Begin XCBuildConfiguration section */
		21AC19712AA3D4E4001BA3F4 /* Debug */ = {
			isa = XCBuildConfiguration;
			buildSettings = {
				ALWAYS_SEARCH_USER_PATHS = NO;
				CLANG_ANALYZER_NONNULL = YES;
				CLANG_ANALYZER_NUMBER_OBJECT_CONVERSION = YES_AGGRESSIVE;
				CLANG_CXX_LANGUAGE_STANDARD = "gnu++20";
				CLANG_ENABLE_MODULES = YES;
				CLANG_ENABLE_OBJC_ARC = YES;
				CLANG_ENABLE_OBJC_WEAK = YES;
				CLANG_WARN_BLOCK_CAPTURE_AUTORELEASING = YES;
				CLANG_WARN_BOOL_CONVERSION = YES;
				CLANG_WARN_COMMA = YES;
				CLANG_WARN_CONSTANT_CONVERSION = YES;
				CLANG_WARN_DEPRECATED_OBJC_IMPLEMENTATIONS = YES;
				CLANG_WARN_DIRECT_OBJC_ISA_USAGE = YES_ERROR;
				CLANG_WARN_DOCUMENTATION_COMMENTS = YES;
				CLANG_WARN_EMPTY_BODY = YES;
				CLANG_WARN_ENUM_CONVERSION = YES;
				CLANG_WARN_INFINITE_RECURSION = YES;
				CLANG_WARN_INT_CONVERSION = YES;
				CLANG_WARN_NON_LITERAL_NULL_CONVERSION = YES;
				CLANG_WARN_OBJC_IMPLICIT_RETAIN_SELF = YES;
				CLANG_WARN_OBJC_LITERAL_CONVERSION = YES;
				CLANG_WARN_OBJC_ROOT_CLASS = YES_ERROR;
				CLANG_WARN_QUOTED_INCLUDE_IN_FRAMEWORK_HEADER = YES;
				CLANG_WARN_RANGE_LOOP_ANALYSIS = YES;
				CLANG_WARN_STRICT_PROTOTYPES = YES;
				CLANG_WARN_SUSPICIOUS_MOVE = YES;
				CLANG_WARN_UNGUARDED_AVAILABILITY = YES_AGGRESSIVE;
				CLANG_WARN_UNREACHABLE_CODE = YES;
				CLANG_WARN__DUPLICATE_METHOD_MATCH = YES;
				COPY_PHASE_STRIP = NO;
				DEBUG_INFORMATION_FORMAT = dwarf;
				ENABLE_STRICT_OBJC_MSGSEND = YES;
				ENABLE_TESTABILITY = YES;
				ENABLE_USER_SCRIPT_SANDBOXING = YES;
				GCC_C_LANGUAGE_STANDARD = gnu11;
				GCC_DYNAMIC_NO_PIC = NO;
				GCC_NO_COMMON_BLOCKS = YES;
				GCC_OPTIMIZATION_LEVEL = 0;
				GCC_PREPROCESSOR_DEFINITIONS = (
					"DEBUG=1",
					"$(inherited)",
				);
				GCC_WARN_64_TO_32_BIT_CONVERSION = YES;
				GCC_WARN_ABOUT_RETURN_TYPE = YES_ERROR;
				GCC_WARN_UNDECLARED_SELECTOR = YES;
				GCC_WARN_UNINITIALIZED_AUTOS = YES_AGGRESSIVE;
				GCC_WARN_UNUSED_FUNCTION = YES;
				GCC_WARN_UNUSED_VARIABLE = YES;
				IPHONEOS_DEPLOYMENT_TARGET = 16.4;
				MTL_ENABLE_DEBUG_INFO = INCLUDE_SOURCE;
				MTL_FAST_MATH = YES;
				ONLY_ACTIVE_ARCH = YES;
				SDKROOT = iphoneos;
				SWIFT_ACTIVE_COMPILATION_CONDITIONS = DEBUG;
				SWIFT_OPTIMIZATION_LEVEL = "-Onone";
			};
			name = Debug;
		};
		21AC19722AA3D4E4001BA3F4 /* Release */ = {
			isa = XCBuildConfiguration;
			buildSettings = {
				ALWAYS_SEARCH_USER_PATHS = NO;
				CLANG_ANALYZER_NONNULL = YES;
				CLANG_ANALYZER_NUMBER_OBJECT_CONVERSION = YES_AGGRESSIVE;
				CLANG_CXX_LANGUAGE_STANDARD = "gnu++20";
				CLANG_ENABLE_MODULES = YES;
				CLANG_ENABLE_OBJC_ARC = YES;
				CLANG_ENABLE_OBJC_WEAK = YES;
				CLANG_WARN_BLOCK_CAPTURE_AUTORELEASING = YES;
				CLANG_WARN_BOOL_CONVERSION = YES;
				CLANG_WARN_COMMA = YES;
				CLANG_WARN_CONSTANT_CONVERSION = YES;
				CLANG_WARN_DEPRECATED_OBJC_IMPLEMENTATIONS = YES;
				CLANG_WARN_DIRECT_OBJC_ISA_USAGE = YES_ERROR;
				CLANG_WARN_DOCUMENTATION_COMMENTS = YES;
				CLANG_WARN_EMPTY_BODY = YES;
				CLANG_WARN_ENUM_CONVERSION = YES;
				CLANG_WARN_INFINITE_RECURSION = YES;
				CLANG_WARN_INT_CONVERSION = YES;
				CLANG_WARN_NON_LITERAL_NULL_CONVERSION = YES;
				CLANG_WARN_OBJC_IMPLICIT_RETAIN_SELF = YES;
				CLANG_WARN_OBJC_LITERAL_CONVERSION = YES;
				CLANG_WARN_OBJC_ROOT_CLASS = YES_ERROR;
				CLANG_WARN_QUOTED_INCLUDE_IN_FRAMEWORK_HEADER = YES;
				CLANG_WARN_RANGE_LOOP_ANALYSIS = YES;
				CLANG_WARN_STRICT_PROTOTYPES = YES;
				CLANG_WARN_SUSPICIOUS_MOVE = YES;
				CLANG_WARN_UNGUARDED_AVAILABILITY = YES_AGGRESSIVE;
				CLANG_WARN_UNREACHABLE_CODE = YES;
				CLANG_WARN__DUPLICATE_METHOD_MATCH = YES;
				COPY_PHASE_STRIP = NO;
				DEBUG_INFORMATION_FORMAT = "dwarf-with-dsym";
				ENABLE_NS_ASSERTIONS = NO;
				ENABLE_STRICT_OBJC_MSGSEND = YES;
				ENABLE_USER_SCRIPT_SANDBOXING = YES;
				GCC_C_LANGUAGE_STANDARD = gnu11;
				GCC_NO_COMMON_BLOCKS = YES;
				GCC_WARN_64_TO_32_BIT_CONVERSION = YES;
				GCC_WARN_ABOUT_RETURN_TYPE = YES_ERROR;
				GCC_WARN_UNDECLARED_SELECTOR = YES;
				GCC_WARN_UNINITIALIZED_AUTOS = YES_AGGRESSIVE;
				GCC_WARN_UNUSED_FUNCTION = YES;
				GCC_WARN_UNUSED_VARIABLE = YES;
				IPHONEOS_DEPLOYMENT_TARGET = 16.4;
				MTL_ENABLE_DEBUG_INFO = NO;
				MTL_FAST_MATH = YES;
				SDKROOT = iphoneos;
				SWIFT_COMPILATION_MODE = wholemodule;
				SWIFT_OPTIMIZATION_LEVEL = "-O";
				VALIDATE_PRODUCT = YES;
			};
			name = Release;
		};
		21AC19742AA3D4E4001BA3F4 /* Debug */ = {
			isa = XCBuildConfiguration;
			buildSettings = {
				ASSETCATALOG_COMPILER_APPICON_NAME = AppIcon;
				ASSETCATALOG_COMPILER_GLOBAL_ACCENT_COLOR_NAME = AccentColor;
				CODE_SIGN_STYLE = Automatic;
				CURRENT_PROJECT_VERSION = 1;
				DEVELOPMENT_ASSET_PATHS = "\"Customer/Preview Content\"";
				DEVELOPMENT_TEAM = HU73YD5J6R;
				ENABLE_PREVIEWS = YES;
				GENERATE_INFOPLIST_FILE = YES;
				INFOPLIST_FILE = Customer/Info.plist;
				INFOPLIST_KEY_LSApplicationCategoryType = "";
				INFOPLIST_KEY_UIApplicationSceneManifest_Generation = YES;
				INFOPLIST_KEY_UIApplicationSupportsIndirectInputEvents = YES;
				INFOPLIST_KEY_UISupportedInterfaceOrientations_iPad = "UIInterfaceOrientationPortrait UIInterfaceOrientationPortraitUpsideDown UIInterfaceOrientationLandscapeLeft UIInterfaceOrientationLandscapeRight";
				INFOPLIST_KEY_UISupportedInterfaceOrientations_iPhone = "UIInterfaceOrientationPortrait UIInterfaceOrientationLandscapeLeft UIInterfaceOrientationLandscapeRight";
				LD_RUNPATH_SEARCH_PATHS = (
					"$(inherited)",
					"@executable_path/Frameworks",
				);
				MARKETING_VERSION = 1.0;
				PRODUCT_BUNDLE_IDENTIFIER = com.mdsrmed.Customer;
				PRODUCT_NAME = "$(TARGET_NAME)";
				SWIFT_EMIT_LOC_STRINGS = YES;
				SWIFT_VERSION = 5.0;
				TARGETED_DEVICE_FAMILY = "1,2";
			};
			name = Debug;
		};
		21AC19752AA3D4E4001BA3F4 /* Release */ = {
			isa = XCBuildConfiguration;
			buildSettings = {
				ASSETCATALOG_COMPILER_APPICON_NAME = AppIcon;
				ASSETCATALOG_COMPILER_GLOBAL_ACCENT_COLOR_NAME = AccentColor;
				CODE_SIGN_STYLE = Automatic;
				CURRENT_PROJECT_VERSION = 1;
				DEVELOPMENT_ASSET_PATHS = "\"Customer/Preview Content\"";
				DEVELOPMENT_TEAM = HU73YD5J6R;
				ENABLE_PREVIEWS = YES;
				GENERATE_INFOPLIST_FILE = YES;
				INFOPLIST_FILE = Customer/Info.plist;
				INFOPLIST_KEY_LSApplicationCategoryType = "";
				INFOPLIST_KEY_UIApplicationSceneManifest_Generation = YES;
				INFOPLIST_KEY_UIApplicationSupportsIndirectInputEvents = YES;
				INFOPLIST_KEY_UISupportedInterfaceOrientations_iPad = "UIInterfaceOrientationPortrait UIInterfaceOrientationPortraitUpsideDown UIInterfaceOrientationLandscapeLeft UIInterfaceOrientationLandscapeRight";
				INFOPLIST_KEY_UISupportedInterfaceOrientations_iPhone = "UIInterfaceOrientationPortrait UIInterfaceOrientationLandscapeLeft UIInterfaceOrientationLandscapeRight";
				LD_RUNPATH_SEARCH_PATHS = (
					"$(inherited)",
					"@executable_path/Frameworks",
				);
				MARKETING_VERSION = 1.0;
				PRODUCT_BUNDLE_IDENTIFIER = com.mdsrmed.Customer;
				PRODUCT_NAME = "$(TARGET_NAME)";
				SWIFT_EMIT_LOC_STRINGS = YES;
				SWIFT_VERSION = 5.0;
				TARGETED_DEVICE_FAMILY = "1,2";
			};
			name = Release;
		};
		21B1A6762AD4A9D1000C2DA1 /* Debug */ = {
			isa = XCBuildConfiguration;
			buildSettings = {
				ASSETCATALOG_COMPILER_GENERATE_SWIFT_ASSET_SYMBOL_EXTENSIONS = YES;
				BUNDLE_LOADER = "$(TEST_HOST)";
				CODE_SIGN_STYLE = Automatic;
				CURRENT_PROJECT_VERSION = 1;
				DEVELOPMENT_TEAM = HU73YD5J6R;
				GCC_C_LANGUAGE_STANDARD = gnu17;
				GENERATE_INFOPLIST_FILE = YES;
				IPHONEOS_DEPLOYMENT_TARGET = 17.0;
				LOCALIZATION_PREFERS_STRING_CATALOGS = YES;
				MARKETING_VERSION = 1.0;
				PRODUCT_BUNDLE_IDENTIFIER = com.mdsrmed.CustomerTests;
				PRODUCT_NAME = "$(TARGET_NAME)";
				SWIFT_ACTIVE_COMPILATION_CONDITIONS = "DEBUG $(inherited)";
				SWIFT_EMIT_LOC_STRINGS = NO;
				SWIFT_VERSION = 5.0;
				TARGETED_DEVICE_FAMILY = "1,2";
				TEST_HOST = "$(BUILT_PRODUCTS_DIR)/Customer.app/$(BUNDLE_EXECUTABLE_FOLDER_PATH)/Customer";
			};
			name = Debug;
		};
		21B1A6772AD4A9D1000C2DA1 /* Release */ = {
			isa = XCBuildConfiguration;
			buildSettings = {
				ASSETCATALOG_COMPILER_GENERATE_SWIFT_ASSET_SYMBOL_EXTENSIONS = YES;
				BUNDLE_LOADER = "$(TEST_HOST)";
				CODE_SIGN_STYLE = Automatic;
				CURRENT_PROJECT_VERSION = 1;
				DEVELOPMENT_TEAM = HU73YD5J6R;
				GCC_C_LANGUAGE_STANDARD = gnu17;
				GENERATE_INFOPLIST_FILE = YES;
				IPHONEOS_DEPLOYMENT_TARGET = 17.0;
				LOCALIZATION_PREFERS_STRING_CATALOGS = YES;
				MARKETING_VERSION = 1.0;
				PRODUCT_BUNDLE_IDENTIFIER = com.mdsrmed.CustomerTests;
				PRODUCT_NAME = "$(TARGET_NAME)";
				SWIFT_EMIT_LOC_STRINGS = NO;
				SWIFT_VERSION = 5.0;
				TARGETED_DEVICE_FAMILY = "1,2";
				TEST_HOST = "$(BUILT_PRODUCTS_DIR)/Customer.app/$(BUNDLE_EXECUTABLE_FOLDER_PATH)/Customer";
			};
			name = Release;
		};
/* End XCBuildConfiguration section */

/* Begin XCConfigurationList section */
		21AC19602AA3D4E2001BA3F4 /* Build configuration list for PBXProject "Customer" */ = {
			isa = XCConfigurationList;
			buildConfigurations = (
				21AC19712AA3D4E4001BA3F4 /* Debug */,
				21AC19722AA3D4E4001BA3F4 /* Release */,
			);
			defaultConfigurationIsVisible = 0;
			defaultConfigurationName = Release;
		};
		21AC19732AA3D4E4001BA3F4 /* Build configuration list for PBXNativeTarget "Customer" */ = {
			isa = XCConfigurationList;
			buildConfigurations = (
				21AC19742AA3D4E4001BA3F4 /* Debug */,
				21AC19752AA3D4E4001BA3F4 /* Release */,
			);
			defaultConfigurationIsVisible = 0;
			defaultConfigurationName = Release;
		};
		21B1A6782AD4A9D1000C2DA1 /* Build configuration list for PBXNativeTarget "CustomerTests" */ = {
			isa = XCConfigurationList;
			buildConfigurations = (
				21B1A6762AD4A9D1000C2DA1 /* Debug */,
				21B1A6772AD4A9D1000C2DA1 /* Release */,
			);
			defaultConfigurationIsVisible = 0;
			defaultConfigurationName = Release;
		};
/* End XCConfigurationList section */
	};
	rootObject = 21AC195D2AA3D4E2001BA3F4 /* Project object */;
}
